
Microsoft Visual Studio Solution File, Format Version 12.00
# Visual Studio Version 16
VisualStudioVersion = 16.0.29306.81
MinimumVisualStudioVersion = 15.0.26124.0
Project("{9A19103F-16F7-4668-BE54-9A1E7A4F7556}") = "mtconnect_adapter_sdk", "src\mtconnect_adapter_sdk.csproj", "{80FB2820-86E2-4A87-9565-ED0227E54E7A}"
EndProject
Project("{9A19103F-16F7-4668-BE54-9A1E7A4F7556}") = "mtconnect_adapter_sdk.utests", "test\mtconnect_adapter_sdk.utests.csproj", "{91514352-32BE-469F-ACE2-12AE559CF162}"
EndProject
Project("{FAE04EC0-301F-11D3-BF4B-00C04F79EFBC}") = "AdapterLab", "sample\AdapterLab.csproj", "{AD8454F6-F317-4279-A2E0-E0DCC7AF5B2A}"
EndProject
Project("{FAE04EC0-301F-11D3-BF4B-00C04F79EFBC}") = "AdapterLab.utests", "sample\AdapterLab.utests\AdapterLab.utests.csproj", "{880BA7F8-FF25-4BB5-AF01-F3C34FF13C7B}"
EndProject
Global
	GlobalSection(SolutionConfigurationPlatforms) = preSolution
		Debug|Any CPU = Debug|Any CPU
		Debug|x64 = Debug|x64
		Debug|x86 = Debug|x86
		Release|Any CPU = Release|Any CPU
		Release|x64 = Release|x64
		Release|x86 = Release|x86
	EndGlobalSection
	GlobalSection(ProjectConfigurationPlatforms) = postSolution
		{80FB2820-86E2-4A87-9565-ED0227E54E7A}.Debug|Any CPU.ActiveCfg = Debug|Any CPU
		{80FB2820-86E2-4A87-9565-ED0227E54E7A}.Debug|Any CPU.Build.0 = Debug|Any CPU
		{80FB2820-86E2-4A87-9565-ED0227E54E7A}.Debug|x64.ActiveCfg = Debug|Any CPU
		{80FB2820-86E2-4A87-9565-ED0227E54E7A}.Debug|x64.Build.0 = Debug|Any CPU
		{80FB2820-86E2-4A87-9565-ED0227E54E7A}.Debug|x86.ActiveCfg = Debug|Any CPU
		{80FB2820-86E2-4A87-9565-ED0227E54E7A}.Debug|x86.Build.0 = Debug|Any CPU
		{80FB2820-86E2-4A87-9565-ED0227E54E7A}.Release|Any CPU.ActiveCfg = Release|Any CPU
		{80FB2820-86E2-4A87-9565-ED0227E54E7A}.Release|Any CPU.Build.0 = Release|Any CPU
		{80FB2820-86E2-4A87-9565-ED0227E54E7A}.Release|x64.ActiveCfg = Release|Any CPU
		{80FB2820-86E2-4A87-9565-ED0227E54E7A}.Release|x64.Build.0 = Release|Any CPU
		{80FB2820-86E2-4A87-9565-ED0227E54E7A}.Release|x86.ActiveCfg = Release|Any CPU
		{80FB2820-86E2-4A87-9565-ED0227E54E7A}.Release|x86.Build.0 = Release|Any CPU
		{91514352-32BE-469F-ACE2-12AE559CF162}.Debug|Any CPU.ActiveCfg = Debug|Any CPU
		{91514352-32BE-469F-ACE2-12AE559CF162}.Debug|Any CPU.Build.0 = Debug|Any CPU
		{91514352-32BE-469F-ACE2-12AE559CF162}.Debug|x64.ActiveCfg = Debug|Any CPU
		{91514352-32BE-469F-ACE2-12AE559CF162}.Debug|x64.Build.0 = Debug|Any CPU
		{91514352-32BE-469F-ACE2-12AE559CF162}.Debug|x86.ActiveCfg = Debug|Any CPU
		{91514352-32BE-469F-ACE2-12AE559CF162}.Debug|x86.Build.0 = Debug|Any CPU
		{91514352-32BE-469F-ACE2-12AE559CF162}.Release|Any CPU.ActiveCfg = Release|Any CPU
		{91514352-32BE-469F-ACE2-12AE559CF162}.Release|Any CPU.Build.0 = Release|Any CPU
		{91514352-32BE-469F-ACE2-12AE559CF162}.Release|x64.ActiveCfg = Release|Any CPU
		{91514352-32BE-469F-ACE2-12AE559CF162}.Release|x64.Build.0 = Release|Any CPU
		{91514352-32BE-469F-ACE2-12AE559CF162}.Release|x86.ActiveCfg = Release|Any CPU
		{91514352-32BE-469F-ACE2-12AE559CF162}.Release|x86.Build.0 = Release|Any CPU
		{AD8454F6-F317-4279-A2E0-E0DCC7AF5B2A}.Debug|Any CPU.ActiveCfg = Debug|Any CPU
		{AD8454F6-F317-4279-A2E0-E0DCC7AF5B2A}.Debug|Any CPU.Build.0 = Debug|Any CPU
		{AD8454F6-F317-4279-A2E0-E0DCC7AF5B2A}.Debug|x64.ActiveCfg = Debug|Any CPU
		{AD8454F6-F317-4279-A2E0-E0DCC7AF5B2A}.Debug|x64.Build.0 = Debug|Any CPU
		{AD8454F6-F317-4279-A2E0-E0DCC7AF5B2A}.Debug|x86.ActiveCfg = Debug|Any CPU
		{AD8454F6-F317-4279-A2E0-E0DCC7AF5B2A}.Debug|x86.Build.0 = Debug|Any CPU
		{AD8454F6-F317-4279-A2E0-E0DCC7AF5B2A}.Release|Any CPU.ActiveCfg = Release|Any CPU
		{AD8454F6-F317-4279-A2E0-E0DCC7AF5B2A}.Release|Any CPU.Build.0 = Release|Any CPU
		{AD8454F6-F317-4279-A2E0-E0DCC7AF5B2A}.Release|x64.ActiveCfg = Release|Any CPU
		{AD8454F6-F317-4279-A2E0-E0DCC7AF5B2A}.Release|x64.Build.0 = Release|Any CPU
		{AD8454F6-F317-4279-A2E0-E0DCC7AF5B2A}.Release|x86.ActiveCfg = Release|Any CPU
		{AD8454F6-F317-4279-A2E0-E0DCC7AF5B2A}.Release|x86.Build.0 = Release|Any CPU
		{880BA7F8-FF25-4BB5-AF01-F3C34FF13C7B}.Debug|Any CPU.ActiveCfg = Debug|Any CPU
		{880BA7F8-FF25-4BB5-AF01-F3C34FF13C7B}.Debug|Any CPU.Build.0 = Debug|Any CPU
		{880BA7F8-FF25-4BB5-AF01-F3C34FF13C7B}.Debug|x64.ActiveCfg = Debug|Any CPU
		{880BA7F8-FF25-4BB5-AF01-F3C34FF13C7B}.Debug|x64.Build.0 = Debug|Any CPU
		{880BA7F8-FF25-4BB5-AF01-F3C34FF13C7B}.Debug|x86.ActiveCfg = Debug|Any CPU
		{880BA7F8-FF25-4BB5-AF01-F3C34FF13C7B}.Debug|x86.Build.0 = Debug|Any CPU
		{880BA7F8-FF25-4BB5-AF01-F3C34FF13C7B}.Release|Any CPU.ActiveCfg = Release|Any CPU
		{880BA7F8-FF25-4BB5-AF01-F3C34FF13C7B}.Release|Any CPU.Build.0 = Release|Any CPU
		{880BA7F8-FF25-4BB5-AF01-F3C34FF13C7B}.Release|x64.ActiveCfg = Release|Any CPU
		{880BA7F8-FF25-4BB5-AF01-F3C34FF13C7B}.Release|x64.Build.0 = Release|Any CPU
		{880BA7F8-FF25-4BB5-AF01-F3C34FF13C7B}.Release|x86.ActiveCfg = Release|Any CPU
		{880BA7F8-FF25-4BB5-AF01-F3C34FF13C7B}.Release|x86.Build.0 = Release|Any CPU
	EndGlobalSection
	GlobalSection(SolutionProperties) = preSolution
		HideSolutionNode = FALSE
	EndGlobalSection
	GlobalSection(ExtensibilityGlobals) = postSolution
		SolutionGuid = {87255246-4E86-4433-81CE-2C6B382A2005}
	EndGlobalSection
EndGlobal
